# This is a Gradle generated file for dependency locking.
# Manual edits can break the build and are not advised.
# This file is expected to be part of source control.
com.gradleup.gratatouille:gratatouille-tasks-runtime:0.2.3=nmcpTasks
com.gradleup.nmcp:nmcp-tasks:1.6.1=nmcpTasks
com.squareup.okhttp3:okhttp-jvm:5.4.0=nmcpTasks
com.squareup.okhttp3:okhttp:5.4.0=nmcpTasks
com.squareup.okio:okio-jvm:3.17.0=nmcpTasks
com.squareup.okio:okio:3.17.0=nmcpTasks
io.github.pdvrieze.xmlutil:core-jvm:1.0.0-rc3=nmcpTasks
io.github.pdvrieze.xmlutil:core:1.0.0-rc3=nmcpTasks
io.github.pdvrieze.xmlutil:serialization-jvm:1.0.0-rc3=nmcpTasks
io.github.pdvrieze.xmlutil:serialization:1.0.0-rc3=nmcpTasks
org.jetbrains.kotlin:kotlin-stdlib:2.4.0=nmcpTasks
org.jetbrains.kotlinx:kotlinx-coroutines-bom:1.11.0=nmcpTasks
org.jetbrains.kotlinx:kotlinx-coroutines-core-jvm:1.11.0=nmcpTasks
org.jetbrains.kotlinx:kotlinx-coroutines-core:1.11.0=nmcpTasks
org.jetbrains.kotlinx:kotlinx-serialization-bom:1.11.0=nmcpTasks
org.jetbrains.kotlinx:kotlinx-serialization-core-jvm:1.11.0=nmcpTasks
org.jetbrains.kotlinx:kotlinx-serialization-core:1.11.0=nmcpTasks
org.jetbrains.kotlinx:kotlinx-serialization-json-jvm:1.11.0=nmcpTasks
org.jetbrains.kotlinx:kotlinx-serialization-json:1.11.0=nmcpTasks
org.jetbrains:annotations:23.0.0=nmcpTasks
empty=annotationProcessor,compileClasspath,runtimeClasspath,testAnnotationProcessor,testCompileClasspath,testRuntimeClasspath
